
Microsoft Visual Studio Solution File, Format Version 12.00
# Visual Studio Version 16
VisualStudioVersion = 16.0.31605.320
MinimumVisualStudioVersion = 10.0.40219.1
Project("{FAE04EC0-301F-11D3-BF4B-00C04F79EFBC}") = "WebAPI", "WebAPI\WebAPI.csproj", "{FD918987-A7D0-4F5D-BFB3-3967CACE7D3D}"
EndProject
Global
	GlobalSection(SolutionConfigurationPlatforms) = preSolution
		Debug|Any CPU = Debug|Any CPU
		Release|Any CPU = Release|Any CPU
	EndGlobalSection
	GlobalSection(ProjectConfigurationPlatforms) = postSolution
		{FD918987-A7D0-4F5D-BFB3-3967CACE7D3D}.Debug|Any CPU.ActiveCfg = Debug|Any CPU
		{FD918987-A7D0-4F5D-BFB3-3967CACE7D3D}.Debug|Any CPU.Build.0 = Debug|Any CPU
		{FD918987-A7D0-4F5D-BFB3-3967CACE7D3D}.Release|Any CPU.ActiveCfg = Release|Any CPU
		{FD918987-A7D0-4F5D-BFB3-3967CACE7D3D}.Release|Any CPU.Build.0 = Release|Any CPU
	EndGlobalSection
	GlobalSection(SolutionProperties) = preSolution
		HideSolutionNode = FALSE
	EndGlobalSection
	GlobalSection(ExtensibilityGlobals) = postSolution
		SolutionGuid = {BB2CFAE5-4607-41C4-8EB9-7F233B931A3D}
	EndGlobalSection
EndGlobal
